Microsoft Visual Studio Solution File, Format Version 9.00
# Visual Studio 2005
Project("{8BC9CEB8-8B4A-11D0-8D11-00A0C91BC942}") = "courgette_lib", "courgette_lib.vcproj", "{9A72A362-E617-4205-B9F2-43C6FB280FA1}"
EndProject
Project("{8BC9CEB8-8B4A-11D0-8D11-00A0C91BC942}") = "courgette_unittests", "courgette_unittests.vcproj", "{24309F1A-4035-46F9-A3D8-F47DC4BCC2B8}"
	ProjectSection(ProjectDependencies) = postProject
		{9A72A362-E617-4205-B9F2-43C6FB280FA1} = {9A72A362-E617-4205-B9F2-43C6FB280FA1}
		{1832A374-8A74-4F9E-B536-69A699B3E165} = {1832A374-8A74-4F9E-B536-69A699B3E165}
		{BFE8E2A7-3B3B-43B0-A994-3058B852DB8B} = {BFE8E2A7-3B3B-43B0-A994-3058B852DB8B}
		{F22022F0-2D3B-5610-4E80-C674A8E01C5A} = {F22022F0-2D3B-5610-4E80-C674A8E01C5A}
		{8C27D792-2648-4F5E-9ED0-374276327308} = {8C27D792-2648-4F5E-9ED0-374276327308}
	EndProjectSection
EndProject
Project("{8BC9CEB8-8B4A-11D0-8D11-00A0C91BC942}") = "courgette_fuzz", "courgette_fuzz.vcproj", "{57C27529-8CA9-4FC3-9C02-DA05B172F785}"
	ProjectSection(ProjectDependencies) = postProject
		{9A72A362-E617-4205-B9F2-43C6FB280FA1} = {9A72A362-E617-4205-B9F2-43C6FB280FA1}
		{1832A374-8A74-4F9E-B536-69A699B3E165} = {1832A374-8A74-4F9E-B536-69A699B3E165}
		{BFE8E2A7-3B3B-43B0-A994-3058B852DB8B} = {BFE8E2A7-3B3B-43B0-A994-3058B852DB8B}
		{F22022F0-2D3B-5610-4E80-C674A8E01C5A} = {F22022F0-2D3B-5610-4E80-C674A8E01C5A}
		{8C27D792-2648-4F5E-9ED0-374276327308} = {8C27D792-2648-4F5E-9ED0-374276327308}
	EndProjectSection
EndProject
Project("{8BC9CEB8-8B4A-11D0-8D11-00A0C91BC942}") = "courgette_minimal_tool", "courgette_minimal_tool.vcproj", "{EB79415F-2F17-4BDC-AADD-4CA4C2D21B73}"
	ProjectSection(ProjectDependencies) = postProject
		{9A72A362-E617-4205-B9F2-43C6FB280FA1} = {9A72A362-E617-4205-B9F2-43C6FB280FA1}
		{1832A374-8A74-4F9E-B536-69A699B3E165} = {1832A374-8A74-4F9E-B536-69A699B3E165}
		{F22022F0-2D3B-5610-4E80-C674A8E01C5A} = {F22022F0-2D3B-5610-4E80-C674A8E01C5A}
		{8C27D792-2648-4F5E-9ED0-374276327308} = {8C27D792-2648-4F5E-9ED0-374276327308}
	EndProjectSection
EndProject
Project("{8BC9CEB8-8B4A-11D0-8D11-00A0C91BC942}") = "courgette", "courgette.vcproj", "{4EA8CE12-9C6F-45E5-9D08-720383FE3685}"
	ProjectSection(ProjectDependencies) = postProject
		{9A72A362-E617-4205-B9F2-43C6FB280FA1} = {9A72A362-E617-4205-B9F2-43C6FB280FA1}
		{1832A374-8A74-4F9E-B536-69A699B3E165} = {1832A374-8A74-4F9E-B536-69A699B3E165}
		{F22022F0-2D3B-5610-4E80-C674A8E01C5A} = {F22022F0-2D3B-5610-4E80-C674A8E01C5A}
		{8C27D792-2648-4F5E-9ED0-374276327308} = {8C27D792-2648-4F5E-9ED0-374276327308}
	EndProjectSection
EndProject
Project("{2150E333-8FDC-42A3-9474-1A3956D46DE8}") = "dependencies", "dependencies", "{3C050794-ECB2-85EB-D650-18D00BF2A989}"
EndProject
Project("{8BC9CEB8-8B4A-11D0-8D11-00A0C91BC942}") = "icuuc", "..\third_party\icu38\icuuc.vcproj", "{8C27D792-2648-4F5E-9ED0-374276327308}"
	ProjectSection(ProjectDependencies) = postProject
		{A0D94973-D355-47A5-A1E2-3456F321F010} = {A0D94973-D355-47A5-A1E2-3456F321F010}
	EndProjectSection
EndProject
Project("{8BC9CEB8-8B4A-11D0-8D11-00A0C91BC942}") = "icui18n", "..\third_party\icu38\icui18n.vcproj", "{F22022F0-2D3B-5610-4E80-C674A8E01C5A}"
EndProject
Project("{8BC9CEB8-8B4A-11D0-8D11-00A0C91BC942}") = "icudata", "..\third_party\icu38\icudata.vcproj", "{A0D94973-D355-47A5-A1E2-3456F321F010}"
EndProject
Project("{8BC9CEB8-8B4A-11D0-8D11-00A0C91BC942}") = "base", "..\base\base.vcproj", "{1832A374-8A74-4F9E-B536-69A699B3E165}"
EndProject
Project("{8BC9CEB8-8B4A-11D0-8D11-00A0C91BC942}") = "gtest", "..\testing\gtest.vcproj", "{BFE8E2A7-3B3B-43B0-A994-3058B852DB8B}"
EndProject
Global
	GlobalSection(SolutionConfigurationPlatforms) = preSolution
		Debug|Win32 = Debug|Win32
		Release|Win32 = Release|Win32
	EndGlobalSection
	GlobalSection(ProjectConfigurationPlatforms) = postSolution
		{1832A374-8A74-4F9E-B536-69A699B3E165}.Debug|Win32.ActiveCfg = Debug|Win32
		{1832A374-8A74-4F9E-B536-69A699B3E165}.Debug|Win32.Build.0 = Debug|Win32
		{1832A374-8A74-4F9E-B536-69A699B3E165}.Release|Win32.ActiveCfg = Release|Win32
		{1832A374-8A74-4F9E-B536-69A699B3E165}.Release|Win32.Build.0 = Release|Win32
		{24309F1A-4035-46F9-A3D8-F47DC4BCC2B8}.Debug|Win32.ActiveCfg = Debug|Win32
		{24309F1A-4035-46F9-A3D8-F47DC4BCC2B8}.Debug|Win32.Build.0 = Debug|Win32
		{24309F1A-4035-46F9-A3D8-F47DC4BCC2B8}.Release|Win32.ActiveCfg = Release|Win32
		{24309F1A-4035-46F9-A3D8-F47DC4BCC2B8}.Release|Win32.Build.0 = Release|Win32
		{4EA8CE12-9C6F-45E5-9D08-720383FE3685}.Debug|Win32.ActiveCfg = Debug|Win32
		{4EA8CE12-9C6F-45E5-9D08-720383FE3685}.Debug|Win32.Build.0 = Debug|Win32
		{4EA8CE12-9C6F-45E5-9D08-720383FE3685}.Release|Win32.ActiveCfg = Release|Win32
		{4EA8CE12-9C6F-45E5-9D08-720383FE3685}.Release|Win32.Build.0 = Release|Win32
		{57C27529-8CA9-4FC3-9C02-DA05B172F785}.Debug|Win32.ActiveCfg = Debug|Win32
		{57C27529-8CA9-4FC3-9C02-DA05B172F785}.Debug|Win32.Build.0 = Debug|Win32
		{57C27529-8CA9-4FC3-9C02-DA05B172F785}.Release|Win32.ActiveCfg = Release|Win32
		{57C27529-8CA9-4FC3-9C02-DA05B172F785}.Release|Win32.Build.0 = Release|Win32
		{8C27D792-2648-4F5E-9ED0-374276327308}.Debug|Win32.ActiveCfg = Debug|Win32
		{8C27D792-2648-4F5E-9ED0-374276327308}.Debug|Win32.Build.0 = Debug|Win32
		{8C27D792-2648-4F5E-9ED0-374276327308}.Release|Win32.ActiveCfg = Release|Win32
		{8C27D792-2648-4F5E-9ED0-374276327308}.Release|Win32.Build.0 = Release|Win32
		{9A72A362-E617-4205-B9F2-43C6FB280FA1}.Debug|Win32.ActiveCfg = Debug|Win32
		{9A72A362-E617-4205-B9F2-43C6FB280FA1}.Debug|Win32.Build.0 = Debug|Win32
		{9A72A362-E617-4205-B9F2-43C6FB280FA1}.Release|Win32.ActiveCfg = Release|Win32
		{9A72A362-E617-4205-B9F2-43C6FB280FA1}.Release|Win32.Build.0 = Release|Win32
		{A0D94973-D355-47A5-A1E2-3456F321F010}.Debug|Win32.ActiveCfg = Debug|Win32
		{A0D94973-D355-47A5-A1E2-3456F321F010}.Debug|Win32.Build.0 = Debug|Win32
		{A0D94973-D355-47A5-A1E2-3456F321F010}.Release|Win32.ActiveCfg = Release|Win32
		{A0D94973-D355-47A5-A1E2-3456F321F010}.Release|Win32.Build.0 = Release|Win32
		{BFE8E2A7-3B3B-43B0-A994-3058B852DB8B}.Debug|Win32.ActiveCfg = Debug|Win32
		{BFE8E2A7-3B3B-43B0-A994-3058B852DB8B}.Debug|Win32.Build.0 = Debug|Win32
		{BFE8E2A7-3B3B-43B0-A994-3058B852DB8B}.Release|Win32.ActiveCfg = Release|Win32
		{BFE8E2A7-3B3B-43B0-A994-3058B852DB8B}.Release|Win32.Build.0 = Release|Win32
		{EB79415F-2F17-4BDC-AADD-4CA4C2D21B73}.Debug|Win32.ActiveCfg = Debug|Win32
		{EB79415F-2F17-4BDC-AADD-4CA4C2D21B73}.Debug|Win32.Build.0 = Debug|Win32
		{EB79415F-2F17-4BDC-AADD-4CA4C2D21B73}.Release|Win32.ActiveCfg = Release|Win32
		{EB79415F-2F17-4BDC-AADD-4CA4C2D21B73}.Release|Win32.Build.0 = Release|Win32
		{F22022F0-2D3B-5610-4E80-C674A8E01C5A}.Debug|Win32.ActiveCfg = Debug|Win32
		{F22022F0-2D3B-5610-4E80-C674A8E01C5A}.Debug|Win32.Build.0 = Debug|Win32
		{F22022F0-2D3B-5610-4E80-C674A8E01C5A}.Release|Win32.ActiveCfg = Release|Win32
		{F22022F0-2D3B-5610-4E80-C674A8E01C5A}.Release|Win32.Build.0 = Release|Win32
	EndGlobalSection
	GlobalSection(SolutionProperties) = preSolution
		HideSolutionNode = FALSE
	EndGlobalSection
	GlobalSection(NestedProjects) = preSolution
		{8C27D792-2648-4F5E-9ED0-374276327308} = {3C050794-ECB2-85EB-D650-18D00BF2A989}
		{F22022F0-2D3B-5610-4E80-C674A8E01C5A} = {3C050794-ECB2-85EB-D650-18D00BF2A989}
		{A0D94973-D355-47A5-A1E2-3456F321F010} = {3C050794-ECB2-85EB-D650-18D00BF2A989}
		{1832A374-8A74-4F9E-B536-69A699B3E165} = {3C050794-ECB2-85EB-D650-18D00BF2A989}
		{BFE8E2A7-3B3B-43B0-A994-3058B852DB8B} = {3C050794-ECB2-85EB-D650-18D00BF2A989}
	EndGlobalSection
EndGlobal
