Microsoft Visual Studio Solution File, Format Version 9.00
# Visual Studio 2005
Project("{2150E333-8FDC-42A3-9474-1A3956D46DE8}") = "dependencies", "dependencies", "{A04F65DF-D422-4E8F-B918-29EBA839363E}"
EndProject
Project("{8BC9CEB8-8B4A-11D0-8D11-00A0C91BC942}") = "googleurl", "..\googleurl\build\googleurl.vcproj", "{EF5E94AB-B646-4E5B-A058-52EF07B8351C}"
EndProject
Project("{8BC9CEB8-8B4A-11D0-8D11-00A0C91BC942}") = "base", "..\base\base.vcproj", "{1832A374-8A74-4F9E-B536-69A699B3E165}"
EndProject
Project("{8BC9CEB8-8B4A-11D0-8D11-00A0C91BC942}") = "debug_message", "..\base\debug_message.vcproj", "{D6047981-23AE-4623-9373-514FDAFAE60F}"
EndProject
Project("{8BC9CEB8-8B4A-11D0-8D11-00A0C91BC942}") = "icuuc", "..\third_party\icu38\icuuc.vcproj", "{8C27D792-2648-4F5E-9ED0-374276327308}"
	ProjectSection(ProjectDependencies) = postProject
		{F22022F0-2D3B-5610-4E80-C674A8E01C5A} = {F22022F0-2D3B-5610-4E80-C674A8E01C5A}
		{A0D94973-D355-47A5-A1E2-3456F321F010} = {A0D94973-D355-47A5-A1E2-3456F321F010}
	EndProjectSection
EndProject
Project("{8BC9CEB8-8B4A-11D0-8D11-00A0C91BC942}") = "icudata", "..\third_party\icu38\icudata.vcproj", "{A0D94973-D355-47A5-A1E2-3456F321F010}"
EndProject
Project("{8BC9CEB8-8B4A-11D0-8D11-00A0C91BC942}") = "net", "build\net.vcproj", "{326E9795-E760-410A-B69A-3F79DB3F5243}"
	ProjectSection(ProjectDependencies) = postProject
		{8BC9CEB8-8B4A-11D0-8D11-00A0C91BC942} = {8BC9CEB8-8B4A-11D0-8D11-00A0C91BC942}
		{E13045CD-7E1F-4A41-9B18-8D288B2E7B41} = {E13045CD-7E1F-4A41-9B18-8D288B2E7B41}
	EndProjectSection
EndProject
Project("{8BC9CEB8-8B4A-11D0-8D11-00A0C91BC942}") = "net_unittests", "build\net_unittests.vcproj", "{E99DA267-BE90-4F45-88A1-6919DB2C7567}"
	ProjectSection(ProjectDependencies) = postProject
		{1832A374-8A74-4F9E-B536-69A699B3E165} = {1832A374-8A74-4F9E-B536-69A699B3E165}
		{21E22961-22BF-4493-BD3A-868F93DA5179} = {21E22961-22BF-4493-BD3A-868F93DA5179}
		{2A70CBF0-847E-4E3A-B926-542A656DC7FE} = {2A70CBF0-847E-4E3A-B926-542A656DC7FE}
		{326E9795-E760-410A-B69A-3F79DB3F5243} = {326E9795-E760-410A-B69A-3F79DB3F5243}
		{7100F41F-868D-4E99-80A2-AF8E6574749D} = {7100F41F-868D-4E99-80A2-AF8E6574749D}
		{8423AF0D-4B88-4EBF-94E1-E4D00D00E21C} = {8423AF0D-4B88-4EBF-94E1-E4D00D00E21C}
		{8C27D792-2648-4F5E-9ED0-374276327308} = {8C27D792-2648-4F5E-9ED0-374276327308}
		{BFE8E2A7-3B3B-43B0-A994-3058B852DB8B} = {BFE8E2A7-3B3B-43B0-A994-3058B852DB8B}
		{EC8B7909-62AF-470D-A75D-E1D89C837142} = {EC8B7909-62AF-470D-A75D-E1D89C837142}
		{EF5E94AB-B646-4E5B-A058-52EF07B8351C} = {EF5E94AB-B646-4E5B-A058-52EF07B8351C}
		{F54ABC59-5C00-414A-A9BA-BAF26D1699F0} = {F54ABC59-5C00-414A-A9BA-BAF26D1699F0}
	EndProjectSection
EndProject
Project("{8BC9CEB8-8B4A-11D0-8D11-00A0C91BC942}") = "tld_cleanup", "build\tld_cleanup.vcproj", "{E13045CD-7E1F-4A41-9B18-8D288B2E7B41}"
	ProjectSection(ProjectDependencies) = postProject
		{1832A374-8A74-4F9E-B536-69A699B3E165} = {1832A374-8A74-4F9E-B536-69A699B3E165}
		{8C27D792-2648-4F5E-9ED0-374276327308} = {8C27D792-2648-4F5E-9ED0-374276327308}
		{EF5E94AB-B646-4E5B-A058-52EF07B8351C} = {EF5E94AB-B646-4E5B-A058-52EF07B8351C}
	EndProjectSection
EndProject
Project("{2150E333-8FDC-42A3-9474-1A3956D46DE8}") = "tools", "tools", "{E7D78B1F-F7D3-47CB-BF51-3957C646B406}"
EndProject
Project("{8BC9CEB8-8B4A-11D0-8D11-00A0C91BC942}") = "zlib", "..\third_party\zlib\zlib.vcproj", "{8423AF0D-4B88-4EBF-94E1-E4D00D00E21C}"
EndProject
Project("{8BC9CEB8-8B4A-11D0-8D11-00A0C91BC942}") = "bzip2", "..\third_party\bzip2\bzip2.vcproj", "{2A70CBF0-847E-4E3A-B926-542A656DC7FE}"
EndProject
Project("{8BC9CEB8-8B4A-11D0-8D11-00A0C91BC942}") = "modp_b64", "..\third_party\modp_b64\modp_b64.vcproj", "{7100F41F-868D-4E99-80A2-AF8E6574749D}"
EndProject
Project("{8BC9CEB8-8B4A-11D0-8D11-00A0C91BC942}") = "net_perftests", "build\net_perftests.vcproj", "{AAC78796-B9A2-4CD9-BF89-09B03E92BF73}"
	ProjectSection(ProjectDependencies) = postProject
		{1832A374-8A74-4F9E-B536-69A699B3E165} = {1832A374-8A74-4F9E-B536-69A699B3E165}
		{21E22961-22BF-4493-BD3A-868F93DA5179} = {21E22961-22BF-4493-BD3A-868F93DA5179}
		{2A70CBF0-847E-4E3A-B926-542A656DC7FE} = {2A70CBF0-847E-4E3A-B926-542A656DC7FE}
		{326E9795-E760-410A-B69A-3F79DB3F5243} = {326E9795-E760-410A-B69A-3F79DB3F5243}
		{7100F41F-868D-4E99-80A2-AF8E6574749D} = {7100F41F-868D-4E99-80A2-AF8E6574749D}
		{8423AF0D-4B88-4EBF-94E1-E4D00D00E21C} = {8423AF0D-4B88-4EBF-94E1-E4D00D00E21C}
		{8C27D792-2648-4F5E-9ED0-374276327308} = {8C27D792-2648-4F5E-9ED0-374276327308}
		{BFE8E2A7-3B3B-43B0-A994-3058B852DB8B} = {BFE8E2A7-3B3B-43B0-A994-3058B852DB8B}
		{EC8B7909-62AF-470D-A75D-E1D89C837142} = {EC8B7909-62AF-470D-A75D-E1D89C837142}
		{EF5E94AB-B646-4E5B-A058-52EF07B8351C} = {EF5E94AB-B646-4E5B-A058-52EF07B8351C}
		{F54ABC59-5C00-414A-A9BA-BAF26D1699F0} = {F54ABC59-5C00-414A-A9BA-BAF26D1699F0}
	EndProjectSection
EndProject
Project("{8BC9CEB8-8B4A-11D0-8D11-00A0C91BC942}") = "crash_cache", "build\crash_cache.vcproj", "{B0EE0599-2913-46A0-A847-A3EC813658D3}"
	ProjectSection(ProjectDependencies) = postProject
		{1832A374-8A74-4F9E-B536-69A699B3E165} = {1832A374-8A74-4F9E-B536-69A699B3E165}
		{326E9795-E760-410A-B69A-3F79DB3F5243} = {326E9795-E760-410A-B69A-3F79DB3F5243}
		{8C27D792-2648-4F5E-9ED0-374276327308} = {8C27D792-2648-4F5E-9ED0-374276327308}
	EndProjectSection
EndProject
Project("{8BC9CEB8-8B4A-11D0-8D11-00A0C91BC942}") = "stress_cache", "build\stress_cache.vcproj", "{B491C3A1-DE5F-4843-A1BB-AB8C4337187B}"
	ProjectSection(ProjectDependencies) = postProject
		{1832A374-8A74-4F9E-B536-69A699B3E165} = {1832A374-8A74-4F9E-B536-69A699B3E165}
		{326E9795-E760-410A-B69A-3F79DB3F5243} = {326E9795-E760-410A-B69A-3F79DB3F5243}
		{8C27D792-2648-4F5E-9ED0-374276327308} = {8C27D792-2648-4F5E-9ED0-374276327308}
		{BFE8E2A7-3B3B-43B0-A994-3058B852DB8B} = {BFE8E2A7-3B3B-43B0-A994-3058B852DB8B}
	EndProjectSection
EndProject
Project("{8BC9CEB8-8B4A-11D0-8D11-00A0C91BC942}") = "gtest", "..\testing\gtest.vcproj", "{BFE8E2A7-3B3B-43B0-A994-3058B852DB8B}"
EndProject
Project("{8BC9CEB8-8B4A-11D0-8D11-00A0C91BC942}") = "sdch", "..\sdch\sdch.vcproj", "{F54ABC59-5C00-414A-A9BA-BAF26D1699F0}"
EndProject
Project("{8BC9CEB8-8B4A-11D0-8D11-00A0C91BC942}") = "dump_cache", "build\dump_cache.vcproj", "{4A14E455-2B7C-4C0F-BCC2-35A9666C186F}"
	ProjectSection(ProjectDependencies) = postProject
		{1832A374-8A74-4F9E-B536-69A699B3E165} = {1832A374-8A74-4F9E-B536-69A699B3E165}
		{326E9795-E760-410A-B69A-3F79DB3F5243} = {326E9795-E760-410A-B69A-3F79DB3F5243}
		{8C27D792-2648-4F5E-9ED0-374276327308} = {8C27D792-2648-4F5E-9ED0-374276327308}
	EndProjectSection
EndProject
Project("{8BC9CEB8-8B4A-11D0-8D11-00A0C91BC942}") = "net_resources", "build\net_resources.vcproj", "{8BC9CEB8-8B4A-11D0-8D11-00A0C91BC942}"
EndProject
Project("{8BC9CEB8-8B4A-11D0-8D11-00A0C91BC942}") = "v8", "..\v8\tools\visual_studio\v8.vcproj", "{21E22961-22BF-4493-BD3A-868F93DA5179}"
EndProject
Project("{8BC9CEB8-8B4A-11D0-8D11-00A0C91BC942}") = "v8_base", "..\v8\tools\visual_studio\v8_base.vcproj", "{EC8B7909-62AF-470D-A75D-E1D89C837142}"
EndProject
Project("{8BC9CEB8-8B4A-11D0-8D11-00A0C91BC942}") = "icui18n", "..\third_party\icu38\icui18n.vcproj", "{F22022F0-2D3B-5610-4E80-C674A8E01C5A}"
EndProject
Global
	GlobalSection(SolutionConfigurationPlatforms) = preSolution
		Debug|Win32 = Debug|Win32
		Release|Win32 = Release|Win32
	EndGlobalSection
	GlobalSection(ProjectConfigurationPlatforms) = postSolution
		{EF5E94AB-B646-4E5B-A058-52EF07B8351C}.Debug|Win32.ActiveCfg = Debug|Win32
		{EF5E94AB-B646-4E5B-A058-52EF07B8351C}.Debug|Win32.Build.0 = Debug|Win32
		{EF5E94AB-B646-4E5B-A058-52EF07B8351C}.Release|Win32.ActiveCfg = Release|Win32
		{EF5E94AB-B646-4E5B-A058-52EF07B8351C}.Release|Win32.Build.0 = Release|Win32
		{1832A374-8A74-4F9E-B536-69A699B3E165}.Debug|Win32.ActiveCfg = Debug|Win32
		{1832A374-8A74-4F9E-B536-69A699B3E165}.Debug|Win32.Build.0 = Debug|Win32
		{1832A374-8A74-4F9E-B536-69A699B3E165}.Release|Win32.ActiveCfg = Release|Win32
		{1832A374-8A74-4F9E-B536-69A699B3E165}.Release|Win32.Build.0 = Release|Win32
		{D6047981-23AE-4623-9373-514FDAFAE60F}.Debug|Win32.ActiveCfg = Debug|Win32
		{D6047981-23AE-4623-9373-514FDAFAE60F}.Debug|Win32.Build.0 = Debug|Win32
		{D6047981-23AE-4623-9373-514FDAFAE60F}.Release|Win32.ActiveCfg = Release|Win32
		{D6047981-23AE-4623-9373-514FDAFAE60F}.Release|Win32.Build.0 = Release|Win32
		{8C27D792-2648-4F5E-9ED0-374276327308}.Debug|Win32.ActiveCfg = Debug|Win32
		{8C27D792-2648-4F5E-9ED0-374276327308}.Debug|Win32.Build.0 = Debug|Win32
		{8C27D792-2648-4F5E-9ED0-374276327308}.Release|Win32.ActiveCfg = Release|Win32
		{8C27D792-2648-4F5E-9ED0-374276327308}.Release|Win32.Build.0 = Release|Win32
		{A0D94973-D355-47A5-A1E2-3456F321F010}.Debug|Win32.ActiveCfg = Debug|Win32
		{A0D94973-D355-47A5-A1E2-3456F321F010}.Debug|Win32.Build.0 = Debug|Win32
		{A0D94973-D355-47A5-A1E2-3456F321F010}.Release|Win32.ActiveCfg = Release|Win32
		{A0D94973-D355-47A5-A1E2-3456F321F010}.Release|Win32.Build.0 = Release|Win32
		{326E9795-E760-410A-B69A-3F79DB3F5243}.Debug|Win32.ActiveCfg = Debug|Win32
		{326E9795-E760-410A-B69A-3F79DB3F5243}.Debug|Win32.Build.0 = Debug|Win32
		{326E9795-E760-410A-B69A-3F79DB3F5243}.Release|Win32.ActiveCfg = Release|Win32
		{326E9795-E760-410A-B69A-3F79DB3F5243}.Release|Win32.Build.0 = Release|Win32
		{E99DA267-BE90-4F45-88A1-6919DB2C7567}.Debug|Win32.ActiveCfg = Debug|Win32
		{E99DA267-BE90-4F45-88A1-6919DB2C7567}.Debug|Win32.Build.0 = Debug|Win32
		{E99DA267-BE90-4F45-88A1-6919DB2C7567}.Release|Win32.ActiveCfg = Release|Win32
		{E99DA267-BE90-4F45-88A1-6919DB2C7567}.Release|Win32.Build.0 = Release|Win32
		{E13045CD-7E1F-4A41-9B18-8D288B2E7B41}.Debug|Win32.ActiveCfg = Debug|Win32
		{E13045CD-7E1F-4A41-9B18-8D288B2E7B41}.Debug|Win32.Build.0 = Debug|Win32
		{E13045CD-7E1F-4A41-9B18-8D288B2E7B41}.Release|Win32.ActiveCfg = Release|Win32
		{E13045CD-7E1F-4A41-9B18-8D288B2E7B41}.Release|Win32.Build.0 = Release|Win32
		{8423AF0D-4B88-4EBF-94E1-E4D00D00E21C}.Debug|Win32.ActiveCfg = Debug|Win32
		{8423AF0D-4B88-4EBF-94E1-E4D00D00E21C}.Debug|Win32.Build.0 = Debug|Win32
		{8423AF0D-4B88-4EBF-94E1-E4D00D00E21C}.Release|Win32.ActiveCfg = Release|Win32
		{8423AF0D-4B88-4EBF-94E1-E4D00D00E21C}.Release|Win32.Build.0 = Release|Win32
		{2A70CBF0-847E-4E3A-B926-542A656DC7FE}.Debug|Win32.ActiveCfg = Debug|Win32
		{2A70CBF0-847E-4E3A-B926-542A656DC7FE}.Debug|Win32.Build.0 = Debug|Win32
		{2A70CBF0-847E-4E3A-B926-542A656DC7FE}.Release|Win32.ActiveCfg = Release|Win32
		{2A70CBF0-847E-4E3A-B926-542A656DC7FE}.Release|Win32.Build.0 = Release|Win32
		{7100F41F-868D-4E99-80A2-AF8E6574749D}.Debug|Win32.ActiveCfg = Debug|Win32
		{7100F41F-868D-4E99-80A2-AF8E6574749D}.Debug|Win32.Build.0 = Debug|Win32
		{7100F41F-868D-4E99-80A2-AF8E6574749D}.Release|Win32.ActiveCfg = Release|Win32
		{7100F41F-868D-4E99-80A2-AF8E6574749D}.Release|Win32.Build.0 = Release|Win32
		{AAC78796-B9A2-4CD9-BF89-09B03E92BF73}.Debug|Win32.ActiveCfg = Debug|Win32
		{AAC78796-B9A2-4CD9-BF89-09B03E92BF73}.Debug|Win32.Build.0 = Debug|Win32
		{AAC78796-B9A2-4CD9-BF89-09B03E92BF73}.Release|Win32.ActiveCfg = Release|Win32
		{AAC78796-B9A2-4CD9-BF89-09B03E92BF73}.Release|Win32.Build.0 = Release|Win32
		{B0EE0599-2913-46A0-A847-A3EC813658D3}.Debug|Win32.ActiveCfg = Debug|Win32
		{B0EE0599-2913-46A0-A847-A3EC813658D3}.Debug|Win32.Build.0 = Debug|Win32
		{B0EE0599-2913-46A0-A847-A3EC813658D3}.Release|Win32.ActiveCfg = Release|Win32
		{B0EE0599-2913-46A0-A847-A3EC813658D3}.Release|Win32.Build.0 = Release|Win32
		{B491C3A1-DE5F-4843-A1BB-AB8C4337187B}.Debug|Win32.ActiveCfg = Debug|Win32
		{B491C3A1-DE5F-4843-A1BB-AB8C4337187B}.Debug|Win32.Build.0 = Debug|Win32
		{B491C3A1-DE5F-4843-A1BB-AB8C4337187B}.Release|Win32.ActiveCfg = Release|Win32
		{B491C3A1-DE5F-4843-A1BB-AB8C4337187B}.Release|Win32.Build.0 = Release|Win32
		{BFE8E2A7-3B3B-43B0-A994-3058B852DB8B}.Debug|Win32.ActiveCfg = Debug|Win32
		{BFE8E2A7-3B3B-43B0-A994-3058B852DB8B}.Debug|Win32.Build.0 = Debug|Win32
		{BFE8E2A7-3B3B-43B0-A994-3058B852DB8B}.Release|Win32.ActiveCfg = Release|Win32
		{BFE8E2A7-3B3B-43B0-A994-3058B852DB8B}.Release|Win32.Build.0 = Release|Win32
		{F54ABC59-5C00-414A-A9BA-BAF26D1699F0}.Debug|Win32.ActiveCfg = Debug|Win32
		{F54ABC59-5C00-414A-A9BA-BAF26D1699F0}.Debug|Win32.Build.0 = Debug|Win32
		{F54ABC59-5C00-414A-A9BA-BAF26D1699F0}.Release|Win32.ActiveCfg = Release|Win32
		{F54ABC59-5C00-414A-A9BA-BAF26D1699F0}.Release|Win32.Build.0 = Release|Win32
		{4A14E455-2B7C-4C0F-BCC2-35A9666C186F}.Debug|Win32.ActiveCfg = Debug|Win32
		{4A14E455-2B7C-4C0F-BCC2-35A9666C186F}.Debug|Win32.Build.0 = Debug|Win32
		{4A14E455-2B7C-4C0F-BCC2-35A9666C186F}.Release|Win32.ActiveCfg = Release|Win32
		{4A14E455-2B7C-4C0F-BCC2-35A9666C186F}.Release|Win32.Build.0 = Release|Win32
		{8BC9CEB8-8B4A-11D0-8D11-00A0C91BC942}.Debug|Win32.ActiveCfg = Debug|Win32
		{8BC9CEB8-8B4A-11D0-8D11-00A0C91BC942}.Debug|Win32.Build.0 = Debug|Win32
		{8BC9CEB8-8B4A-11D0-8D11-00A0C91BC942}.Release|Win32.ActiveCfg = Release|Win32
		{8BC9CEB8-8B4A-11D0-8D11-00A0C91BC942}.Release|Win32.Build.0 = Release|Win32
		{21E22961-22BF-4493-BD3A-868F93DA5179}.Debug|Win32.ActiveCfg = Debug|Win32
		{21E22961-22BF-4493-BD3A-868F93DA5179}.Debug|Win32.Build.0 = Debug|Win32
		{21E22961-22BF-4493-BD3A-868F93DA5179}.Release|Win32.ActiveCfg = Release|Win32
		{21E22961-22BF-4493-BD3A-868F93DA5179}.Release|Win32.Build.0 = Release|Win32
		{EC8B7909-62AF-470D-A75D-E1D89C837142}.Debug|Win32.ActiveCfg = Debug|Win32
		{EC8B7909-62AF-470D-A75D-E1D89C837142}.Debug|Win32.Build.0 = Debug|Win32
		{EC8B7909-62AF-470D-A75D-E1D89C837142}.Release|Win32.ActiveCfg = Release|Win32
		{EC8B7909-62AF-470D-A75D-E1D89C837142}.Release|Win32.Build.0 = Release|Win32
		{F22022F0-2D3B-5610-4E80-C674A8E01C5A}.Debug|Win32.ActiveCfg = Debug|Win32
		{F22022F0-2D3B-5610-4E80-C674A8E01C5A}.Debug|Win32.Build.0 = Debug|Win32
		{F22022F0-2D3B-5610-4E80-C674A8E01C5A}.Release|Win32.ActiveCfg = Release|Win32
		{F22022F0-2D3B-5610-4E80-C674A8E01C5A}.Release|Win32.Build.0 = Release|Win32
	EndGlobalSection
	GlobalSection(SolutionProperties) = preSolution
		HideSolutionNode = FALSE
	EndGlobalSection
	GlobalSection(NestedProjects) = preSolution
		{EF5E94AB-B646-4E5B-A058-52EF07B8351C} = {A04F65DF-D422-4E8F-B918-29EBA839363E}
		{1832A374-8A74-4F9E-B536-69A699B3E165} = {A04F65DF-D422-4E8F-B918-29EBA839363E}
		{D6047981-23AE-4623-9373-514FDAFAE60F} = {A04F65DF-D422-4E8F-B918-29EBA839363E}
		{8C27D792-2648-4F5E-9ED0-374276327308} = {A04F65DF-D422-4E8F-B918-29EBA839363E}
		{A0D94973-D355-47A5-A1E2-3456F321F010} = {A04F65DF-D422-4E8F-B918-29EBA839363E}
		{8423AF0D-4B88-4EBF-94E1-E4D00D00E21C} = {A04F65DF-D422-4E8F-B918-29EBA839363E}
		{2A70CBF0-847E-4E3A-B926-542A656DC7FE} = {A04F65DF-D422-4E8F-B918-29EBA839363E}
		{7100F41F-868D-4E99-80A2-AF8E6574749D} = {A04F65DF-D422-4E8F-B918-29EBA839363E}
		{BFE8E2A7-3B3B-43B0-A994-3058B852DB8B} = {A04F65DF-D422-4E8F-B918-29EBA839363E}
		{F54ABC59-5C00-414A-A9BA-BAF26D1699F0} = {A04F65DF-D422-4E8F-B918-29EBA839363E}
		{21E22961-22BF-4493-BD3A-868F93DA5179} = {A04F65DF-D422-4E8F-B918-29EBA839363E}
		{EC8B7909-62AF-470D-A75D-E1D89C837142} = {A04F65DF-D422-4E8F-B918-29EBA839363E}
		{F22022F0-2D3B-5610-4E80-C674A8E01C5A} = {A04F65DF-D422-4E8F-B918-29EBA839363E}
		{E13045CD-7E1F-4A41-9B18-8D288B2E7B41} = {E7D78B1F-F7D3-47CB-BF51-3957C646B406}
		{B0EE0599-2913-46A0-A847-A3EC813658D3} = {E7D78B1F-F7D3-47CB-BF51-3957C646B406}
		{B491C3A1-DE5F-4843-A1BB-AB8C4337187B} = {E7D78B1F-F7D3-47CB-BF51-3957C646B406}
		{4A14E455-2B7C-4C0F-BCC2-35A9666C186F} = {E7D78B1F-F7D3-47CB-BF51-3957C646B406}
	EndGlobalSection
EndGlobal
